
Microsoft Visual Studio Solution File, Format Version 12.00
Project("{2150E333-8FDC-42A3-9474-1A3956D46DE8}") = "SolutionItems", "SolutionItems", "{D091883D-0159-45CA-B0C3-B0E5C82B3DC1}"
	ProjectSection(SolutionItems) = preProject
		SolutionItems\CodeAnalysis.ruleset = SolutionItems\CodeAnalysis.ruleset
		SolutionItems\stylecop.json = SolutionItems\stylecop.json
	EndProjectSection
EndProject
Project("{2150E333-8FDC-42A3-9474-1A3956D46DE8}") = "src", "src", "{A899D67E-E950-49CD-97C5-301020AB68EF}"
EndProject
Project("{2150E333-8FDC-42A3-9474-1A3956D46DE8}") = "Tests", "Tests", "{C7FD4C6A-E0A0-443E-A1EA-E2F3A4A8213E}"
EndProject
Project("{FAE04EC0-301F-11D3-BF4B-00C04F79EFBC}") = "TextForge.Tests.Business", "Tests\TextForge.Tests.Business\TextForge.Tests.Business.csproj", "{326463BB-9131-4328-B73A-0535903DBCF0}"
EndProject
Project("{FAE04EC0-301F-11D3-BF4B-00C04F79EFBC}") = "TextForge.Business", "src\TextForge.Business\TextForge.Business.csproj", "{7C64A11B-D071-4990-B697-964912760F4F}"
EndProject
Project("{FAE04EC0-301F-11D3-BF4B-00C04F79EFBC}") = "TextForge.Core", "src\TextForge.Core\TextForge.Core.csproj", "{FEEABEEB-56DE-4DAF-A0E7-BB309DD60CA0}"
EndProject
Project("{FAE04EC0-301F-11D3-BF4B-00C04F79EFBC}") = "TextForge.UserControl", "src\TextForge.UserControl\TextForge.UserControl.csproj", "{B12D88C6-0C91-4946-B6F6-F1427F9F9CF9}"
EndProject
Project("{FAE04EC0-301F-11D3-BF4B-00C04F79EFBC}") = "TextForge.WPF", "src\TextForge.WPF\TextForge.WPF.csproj", "{D0650A1F-9D82-4E34-9657-35932523CD2D}"
EndProject
Global
	GlobalSection(SolutionConfigurationPlatforms) = preSolution
		Debug|Any CPU = Debug|Any CPU
		Release|Any CPU = Release|Any CPU
	EndGlobalSection
	GlobalSection(NestedProjects) = preSolution
		{326463BB-9131-4328-B73A-0535903DBCF0} = {C7FD4C6A-E0A0-443E-A1EA-E2F3A4A8213E}
		{7C64A11B-D071-4990-B697-964912760F4F} = {A899D67E-E950-49CD-97C5-301020AB68EF}
		{FEEABEEB-56DE-4DAF-A0E7-BB309DD60CA0} = {A899D67E-E950-49CD-97C5-301020AB68EF}
		{B12D88C6-0C91-4946-B6F6-F1427F9F9CF9} = {A899D67E-E950-49CD-97C5-301020AB68EF}
		{D0650A1F-9D82-4E34-9657-35932523CD2D} = {A899D67E-E950-49CD-97C5-301020AB68EF}
	EndGlobalSection
	GlobalSection(ProjectConfigurationPlatforms) = postSolution
		{326463BB-9131-4328-B73A-0535903DBCF0}.Debug|Any CPU.ActiveCfg = Debug|Any CPU
		{326463BB-9131-4328-B73A-0535903DBCF0}.Debug|Any CPU.Build.0 = Debug|Any CPU
		{326463BB-9131-4328-B73A-0535903DBCF0}.Release|Any CPU.ActiveCfg = Release|Any CPU
		{326463BB-9131-4328-B73A-0535903DBCF0}.Release|Any CPU.Build.0 = Release|Any CPU
		{7C64A11B-D071-4990-B697-964912760F4F}.Debug|Any CPU.ActiveCfg = Debug|Any CPU
		{7C64A11B-D071-4990-B697-964912760F4F}.Debug|Any CPU.Build.0 = Debug|Any CPU
		{7C64A11B-D071-4990-B697-964912760F4F}.Release|Any CPU.ActiveCfg = Release|Any CPU
		{7C64A11B-D071-4990-B697-964912760F4F}.Release|Any CPU.Build.0 = Release|Any CPU
		{FEEABEEB-56DE-4DAF-A0E7-BB309DD60CA0}.Debug|Any CPU.ActiveCfg = Debug|Any CPU
		{FEEABEEB-56DE-4DAF-A0E7-BB309DD60CA0}.Debug|Any CPU.Build.0 = Debug|Any CPU
		{FEEABEEB-56DE-4DAF-A0E7-BB309DD60CA0}.Release|Any CPU.ActiveCfg = Release|Any CPU
		{FEEABEEB-56DE-4DAF-A0E7-BB309DD60CA0}.Release|Any CPU.Build.0 = Release|Any CPU
		{B12D88C6-0C91-4946-B6F6-F1427F9F9CF9}.Debug|Any CPU.ActiveCfg = Debug|Any CPU
		{B12D88C6-0C91-4946-B6F6-F1427F9F9CF9}.Debug|Any CPU.Build.0 = Debug|Any CPU
		{B12D88C6-0C91-4946-B6F6-F1427F9F9CF9}.Release|Any CPU.ActiveCfg = Release|Any CPU
		{B12D88C6-0C91-4946-B6F6-F1427F9F9CF9}.Release|Any CPU.Build.0 = Release|Any CPU
		{D0650A1F-9D82-4E34-9657-35932523CD2D}.Debug|Any CPU.ActiveCfg = Debug|Any CPU
		{D0650A1F-9D82-4E34-9657-35932523CD2D}.Debug|Any CPU.Build.0 = Debug|Any CPU
		{D0650A1F-9D82-4E34-9657-35932523CD2D}.Release|Any CPU.ActiveCfg = Release|Any CPU
		{D0650A1F-9D82-4E34-9657-35932523CD2D}.Release|Any CPU.Build.0 = Release|Any CPU
	EndGlobalSection
EndGlobal
